
Microsoft Visual Studio Solution File, Format Version 12.00
# Visual Studio Version 17
VisualStudioVersion = 17.11.35312.102
MinimumVisualStudioVersion = 10.0.40219.1
Project("{FAE04EC0-301F-11D3-BF4B-00C04F79EFBC}") = "Doanmh", "Doanmh.csproj", "{77241C97-27EC-49B3-9D33-703A82FDF758}"
EndProject
Global
	GlobalSection(SolutionConfigurationPlatforms) = preSolution
		Debug|Any CPU = Debug|Any CPU
		Release|Any CPU = Release|Any CPU
	EndGlobalSection
	GlobalSection(ProjectConfigurationPlatforms) = postSolution
		{77241C97-27EC-49B3-9D33-703A82FDF758}.Debug|Any CPU.ActiveCfg = Debug|Any CPU
		{77241C97-27EC-49B3-9D33-703A82FDF758}.Debug|Any CPU.Build.0 = Debug|Any CPU
		{77241C97-27EC-49B3-9D33-703A82FDF758}.Release|Any CPU.ActiveCfg = Release|Any CPU
		{77241C97-27EC-49B3-9D33-703A82FDF758}.Release|Any CPU.Build.0 = Release|Any CPU
	EndGlobalSection
	GlobalSection(SolutionProperties) = preSolution
		HideSolutionNode = FALSE
	EndGlobalSection
	GlobalSection(ExtensibilityGlobals) = postSolution
		SolutionGuid = {41E8BB09-49B7-4EE5-B0B5-B6C382094D49}
	EndGlobalSection
EndGlobal
